<?xml version="1.0" encoding="UTF-8" standalone="yes" ?>
<CodeBlocks_project_file>
	<FileVersion major="1" minor="6" />
	<Project>
		<Option title="SteamCAD" />
		<Option pch_mode="2" />
		<Option compiler="null" />
		<Build>
			<Target title="Release">
				<Option output="bin/Release/SteamCAD" prefix_auto="1" extension_auto="1" />
				<Option object_output="obj/Release/" />
				<Option type="1" />
				<Option compiler="null" />
			</Target>
		</Build>
		<Unit filename="Source/DArcElps.cpp" />
		<Unit filename="Source/DArcElps.hpp" />
		<Unit filename="Source/DBaseDefs.hpp" />
		<Unit filename="Source/DCircle.cpp" />
		<Unit filename="Source/DCircle.hpp" />
		<Unit filename="Source/DDataTypes.cpp" />
		<Unit filename="Source/DDataTypes.hpp" />
		<Unit filename="Source/DDrawTypes.cpp" />
		<Unit filename="Source/DDrawTypes.hpp" />
		<Unit filename="Source/DEllipse.cpp" />
		<Unit filename="Source/DEllipse.hpp" />
		<Unit filename="Source/DEvolv.cpp" />
		<Unit filename="Source/DEvolv.hpp" />
		<Unit filename="Source/DExpCairo.cpp" />
		<Unit filename="Source/DExpCairo.hpp" />
		<Unit filename="Source/DExpDXF.cpp" />
		<Unit filename="Source/DExpDXF.hpp" />
		<Unit filename="Source/DHyper.cpp" />
		<Unit filename="Source/DHyper.hpp" />
		<Unit filename="Source/DLine.cpp" />
		<Unit filename="Source/DLine.hpp" />
		<Unit filename="Source/DMath.cpp" />
		<Unit filename="Source/DMath.hpp" />
		<Unit filename="Source/DParabola.cpp" />
		<Unit filename="Source/DParabola.hpp" />
		<Unit filename="Source/DParser.cpp" />
		<Unit filename="Source/DParser.hpp" />
		<Unit filename="Source/DPrimitive.cpp" />
		<Unit filename="Source/DPrimitive.hpp" />
		<Unit filename="Source/DSpline.cpp" />
		<Unit filename="Source/DSpline.hpp" />
		<Unit filename="Source/DTopo.cpp" />
		<Unit filename="Source/DTopo.hpp" />
		<Unit filename="Win32/DDimEditDlg.cpp" />
		<Unit filename="Win32/DDimEditDlg.hpp" />
		<Unit filename="Win32/DFileSetupDlg.cpp" />
		<Unit filename="Win32/DFileSetupDlg.hpp" />
		<Unit filename="Win32/DLineStyleDlg.cpp" />
		<Unit filename="Win32/DLineStyleDlg.hpp" />
		<Unit filename="Win32/DScaleDlg.cpp" />
		<Unit filename="Win32/DScaleDlg.hpp" />
		<Unit filename="Win32/DSnapDlg.cpp" />
		<Unit filename="Win32/DSnapDlg.hpp" />
		<Unit filename="Win32/DStatDlg.cpp" />
		<Unit filename="Win32/DStatDlg.hpp" />
		<Unit filename="Win32/DToolBar.cpp" />
		<Unit filename="Win32/DToolBar.hpp" />
		<Unit filename="Win32/MainWnd.cpp" />
		<Unit filename="Win32/MainWnd.hpp" />
		<Unit filename="Win32/SteamCAD.cpp" />
		<Unit filename="Win32/SteamCAD.exe.manifest.32" />
		<Unit filename="Win32/SteamCAD.exe.manifest.64" />
		<Unit filename="Win32/SteamCAD.rc">
			<Option compilerVar="WINDRES" />
		</Unit>
		<Unit filename="Win32/SteamCAD.rh" />
		<Unit filename="Win32/XMLUtils.cpp" />
		<Unit filename="Win32/XMLUtils.hpp" />
		<Unit filename="makefile.mingw" />
		<Extensions>
			<code_completion />
			<envvars />
			<debugger />
			<lib_finder disable_auto="1" />
		</Extensions>
	</Project>
</CodeBlocks_project_file>
